# This file is automatically @generated by Poetry 2.1.4 and should not be changed by hand.

[[package]]
name = "coverage"
version = "7.10.7"
description = "Code coverage measurement for Python"
optional = false
python-versions = ">=3.9"
groups = ["dev"]
files = [
    {file = "coverage-7.10.7-cp310-cp310-macosx_10_9_x86_64.whl", hash = "sha256:fc04cc7a3db33664e0c2d10eb8990ff6b3536f6842c9590ae8da4c614b9ed05a"},
    {file = "coverage-7.10.7-cp310-cp310-macosx_11_0_arm64.whl", hash = "sha256:e201e015644e207139f7e2351980feb7040e6f4b2c2978892f3e3789d1c125e5"},
    {file = "coverage-7.10.7-cp310-cp310-manylinux1_i686.manylinux_2_28_i686.manylinux_2_5_i686.whl", hash = "sha256:240af60539987ced2c399809bd34f7c78e8abe0736af91c3d7d0e795df633d17"},
    {file = "coverage-7.10.7-cp310-cp310-manylinux1_x86_64.manylinux_2_28_x86_64.manylinux_2_5_x86_64.whl", hash = "sha256:8421e088bc051361b01c4b3a50fd39a4b9133079a2229978d9d30511fd05231b"},
    {file = "coverage-7.10.7-cp310-cp310-manylinux2014_aarch64.manylinux_2_17_aarch64.manylinux_2_28_aarch64.whl", hash = "sha256:6be8ed3039ae7f7ac5ce058c308484787c86e8437e72b30bf5e88b8ea10f3c87"},
    {file = "coverage-7.10.7-cp310-cp310-manylinux_2_31_riscv64.manylinux_2_39_riscv64.whl", hash = "sha256:e28299d9f2e889e6d51b1f043f58d5f997c373cc12e6403b90df95b8b047c13e"},
    {file = "coverage-7.10.7-cp310-cp310-musllinux_1_2_aarch64.whl", hash = "sha256:c4e16bd7761c5e454f4efd36f345286d6f7c5fa111623c355691e2755cae3b9e"},
    {file = "coverage-7.10.7-cp310-cp310-musllinux_1_2_i686.whl", hash = "sha256:b1c81d0e5e160651879755c9c675b974276f135558cf4ba79fee7b8413a515df"},
    {file = "coverage-7.10.7-cp310-cp310-musllinux_1_2_riscv64.whl", hash = "sha256:606cc265adc9aaedcc84f1f064f0e8736bc45814f15a357e30fca7ecc01504e0"},
    {file = "coverage-7.10.7-cp310-cp310-musllinux_1_2_x86_64.whl", hash = "sha256:10b24412692df990dbc34f8fb1b6b13d236ace9dfdd68df5b28c2e39cafbba13"},
    {file = "coverage-7.10.7-cp310-cp310-win32.whl", hash = "sha256:b51dcd060f18c19290d9b8a9dd1e0181538df2ce0717f562fff6cf74d9fc0b5b"},
    {file = "coverage-7.10.7-cp310-cp310-win_amd64.whl", hash = "sha256:3a622ac801b17198020f09af3eaf45666b344a0d69fc2a6ffe2ea83aeef1d807"},
    {file = "coverage-7.10.7-cp311-cp311-macosx_10_9_x86_64.whl", hash = "sha256:a609f9c93113be646f44c2a0256d6ea375ad047005d7f57a5c15f614dc1b2f59"},
    {file = "coverage-7.10.7-cp311-cp311-macosx_11_0_arm64.whl", hash = "sha256:65646bb0359386e07639c367a22cf9b5bf6304e8630b565d0626e2bdf329227a"},
    {file = "coverage-7.10.7-cp311-cp311-manylinux1_i686.manylinux_2_28_i686.manylinux_2_5_i686.whl", hash = "sha256:5f33166f0dfcce728191f520bd2692914ec70fac2713f6bf3ce59c3deacb4699"},
    {file = "coverage-7.10.7-cp311-cp311-manylinux1_x86_64.manylinux_2_28_x86_64.manylinux_2_5_x86_64.whl", hash = "sha256:35f5e3f9e455bb17831876048355dca0f758b6df22f49258cb5a91da23ef437d"},
    {file = "coverage-7.10.7-cp311-cp311-manylinux2014_aarch64.manylinux_2_17_aarch64.manylinux_2_28_aarch64.whl", hash = "sha256:4da86b6d62a496e908ac2898243920c7992499c1712ff7c2b6d837cc69d9467e"},
    {file = "coverage-7.10.7-cp311-cp311-manylinux_2_31_riscv64.manylinux_2_39_riscv64.whl", hash = "sha256:6b8b09c1fad947c84bbbc95eca841350fad9cbfa5a2d7ca88ac9f8d836c92e23"},
    {file = "coverage-7.10.7-cp311-cp311-musllinux_1_2_aarch64.whl", hash = "sha256:4376538f36b533b46f8971d3a3e63464f2c7905c9800db97361c43a2b14792ab"},
    {file = "coverage-7.10.7-cp311-cp311-musllinux_1_2_i686.whl", hash = "sha256:121da30abb574f6ce6ae09840dae322bef734480ceafe410117627aa54f76d82"},
    {file = "coverage-7.10.7-cp311-cp311-musllinux_1_2_riscv64.whl", hash = "sha256:88127d40df529336a9836870436fc2751c339fbaed3a836d42c93f3e4bd1d0a2"},
    {file = "coverage-7.10.7-cp311-cp311-musllinux_1_2_x86_64.whl", hash = "sha256:ba58bbcd1b72f136080c0bccc2400d66cc6115f3f906c499013d065ac33a4b61"},
    {file = "coverage-7.10.7-cp311-cp311-win32.whl", hash = "sha256:972b9e3a4094b053a4e46832b4bc829fc8a8d347160eb39d03f1690316a99c14"},
    {file = "coverage-7.10.7-cp311-cp311-win_amd64.whl", hash = "sha256:a7b55a944a7f43892e28ad4bc0561dfd5f0d73e605d1aa5c3c976b52aea121d2"},
    {file = "coverage-7.10.7-cp311-cp311-win_arm64.whl", hash = "sha256:736f227fb490f03c6488f9b6d45855f8e0fd749c007f9303ad30efab0e73c05a"},
    {file = "coverage-7.10.7-cp312-cp312-macosx_10_13_x86_64.whl", hash = "sha256:7bb3b9ddb87ef7725056572368040c32775036472d5a033679d1fa6c8dc08417"},
    {file = "coverage-7.10.7-cp312-cp312-macosx_11_0_arm64.whl", hash = "sha256:18afb24843cbc175687225cab1138c95d262337f5473512010e46831aa0c2973"},
    {file = "coverage-7.10.7-cp312-cp312-manylinux1_i686.manylinux_2_28_i686.manylinux_2_5_i686.whl", hash = "sha256:399a0b6347bcd3822be369392932884b8216d0944049ae22925631a9b3d4ba4c"},
    {file = "coverage-7.10.7-cp312-cp312-manylinux1_x86_64.manylinux_2_28_x86_64.manylinux_2_5_x86_64.whl", hash = "sha256:314f2c326ded3f4b09be11bc282eb2fc861184bc95748ae67b360ac962770be7"},
    {file = "coverage-7.10.7-cp312-cp312-manylinux2014_aarch64.manylinux_2_17_aarch64.manylinux_2_28_aarch64.whl", hash = "sha256:c41e71c9cfb854789dee6fc51e46743a6d138b1803fab6cb860af43265b42ea6"},
    {file = "coverage-7.10.7-cp312-cp312-manylinux_2_31_riscv64.manylinux_2_39_riscv64.whl", hash = "sha256:bc01f57ca26269c2c706e838f6422e2a8788e41b3e3c65e2f41148212e57cd59"},
    {file = "coverage-7.10.7-cp312-cp312-musllinux_1_2_aarch64.whl", hash = "sha256:a6442c59a8ac8b85812ce33bc4d05bde3fb22321fa8294e2a5b487c3505f611b"},
    {file = "coverage-7.10.7-cp312-cp312-musllinux_1_2_i686.whl", hash = "sha256:78a384e49f46b80fb4c901d52d92abe098e78768ed829c673fbb53c498bef73a"},
    {file = "coverage-7.10.7-cp312-cp312-musllinux_1_2_riscv64.whl", hash = "sha256:5e1e9802121405ede4b0133aa4340ad8186a1d2526de5b7c3eca519db7bb89fb"},
    {file = "coverage-7.10.7-cp312-cp312-musllinux_1_2_x86_64.whl", hash = "sha256:d41213ea25a86f69efd1575073d34ea11aabe075604ddf3d148ecfec9e1e96a1"},
    {file = "coverage-7.10.7-cp312-cp312-win32.whl", hash = "sha256:77eb4c747061a6af8d0f7bdb31f1e108d172762ef579166ec84542f711d90256"},
    {file = "coverage-7.10.7-cp312-cp312-win_amd64.whl", hash = "sha256:f51328ffe987aecf6d09f3cd9d979face89a617eacdaea43e7b3080777f647ba"},
    {file = "coverage-7.10.7-cp312-cp312-win_arm64.whl", hash = "sha256:bda5e34f8a75721c96085903c6f2197dc398c20ffd98df33f866a9c8fd95f4bf"},
    {file = "coverage-7.10.7-cp313-cp313-macosx_10_13_x86_64.whl", hash = "sha256:981a651f543f2854abd3b5fcb3263aac581b18209be49863ba575de6edf4c14d"},
    {file = "coverage-7.10.7-cp313-cp313-macosx_11_0_arm64.whl", hash = "sha256:73ab1601f84dc804f7812dc297e93cd99381162da39c47040a827d4e8dafe63b"},
    {file = "coverage-7.10.7-cp313-cp313-manylinux1_i686.manylinux_2_28_i686.manylinux_2_5_i686.whl", hash = "sha256:a8b6f03672aa6734e700bbcd65ff050fd19cddfec4b031cc8cf1c6967de5a68e"},
    {file = "coverage-7.10.7-cp313-cp313-manylinux1_x86_64.manylinux_2_28_x86_64.manylinux_2_5_x86_64.whl", hash = "sha256:10b6ba00ab1132a0ce4428ff68cf50a25efd6840a42cdf4239c9b99aad83be8b"},
    {file = "coverage-7.10.7-cp313-cp313-manylinux2014_aarch64.manylinux_2_17_aarch64.manylinux_2_28_aarch64.whl", hash = "sha256:c79124f70465a150e89340de5963f936ee97097d2ef76c869708c4248c63ca49"},
    {file = "coverage-7.10.7-cp313-cp313-manylinux_2_31_riscv64.manylinux_2_39_riscv64.whl", hash = "sha256:69212fbccdbd5b0e39eac4067e20a4a5256609e209547d86f740d68ad4f04911"},
    {file = "coverage-7.10.7-cp313-cp313-musllinux_1_2_aarch64.whl", hash = "sha256:7ea7c6c9d0d286d04ed3541747e6597cbe4971f22648b68248f7ddcd329207f0"},
    {file = "coverage-7.10.7-cp313-cp313-musllinux_1_2_i686.whl", hash = "sha256:b9be91986841a75042b3e3243d0b3cb0b2434252b977baaf0cd56e960fe1e46f"},
    {file = "coverage-7.10.7-cp313-cp313-musllinux_1_2_riscv64.whl", hash = "sha256:b281d5eca50189325cfe1f365fafade89b14b4a78d9b40b05ddd1fc7d2a10a9c"},
    {file = "coverage-7.10.7-cp313-cp313-musllinux_1_2_x86_64.whl", hash = "sha256:99e4aa63097ab1118e75a848a28e40d68b08a5e19ce587891ab7fd04475e780f"},
    {file = "coverage-7.10.7-cp313-cp313-win32.whl", hash = "sha256:dc7c389dce432500273eaf48f410b37886be9208b2dd5710aaf7c57fd442c698"},
    {file = "coverage-7.10.7-cp313-cp313-win_amd64.whl", hash = "sha256:cac0fdca17b036af3881a9d2729a850b76553f3f716ccb0360ad4dbc06b3b843"},
    {file = "coverage-7.10.7-cp313-cp313-win_arm64.whl", hash = "sha256:4b6f236edf6e2f9ae8fcd1332da4e791c1b6ba0dc16a2dc94590ceccb482e546"},
    {file = "coverage-7.10.7-cp313-cp313t-macosx_10_13_x86_64.whl", hash = "sha256:a0ec07fd264d0745ee396b666d47cef20875f4ff2375d7c4f58235886cc1ef0c"},
    {file = "coverage-7.10.7-cp313-cp313t-macosx_11_0_arm64.whl", hash = "sha256:dd5e856ebb7bfb7672b0086846db5afb4567a7b9714b8a0ebafd211ec7ce6a15"},
    {file = "coverage-7.10.7-cp313-cp313t-manylinux1_i686.manylinux_2_28_i686.manylinux_2_5_i686.whl", hash = "sha256:f57b2a3c8353d3e04acf75b3fed57ba41f5c0646bbf1d10c7c282291c97936b4"},
    {file = "coverage-7.10.7-cp313-cp313t-manylinux1_x86_64.manylinux_2_28_x86_64.manylinux_2_5_x86_64.whl", hash = "sha256:1ef2319dd15a0b009667301a3f84452a4dc6fddfd06b0c5c53ea472d3989fbf0"},
    {file = "coverage-7.10.7-cp313-cp313t-manylinux2014_aarch64.manylinux_2_17_aarch64.manylinux_2_28_aarch64.whl", hash = "sha256:83082a57783239717ceb0ad584de3c69cf581b2a95ed6bf81ea66034f00401c0"},
    {file = "coverage-7.10.7-cp313-cp313t-manylinux_2_31_riscv64.manylinux_2_39_riscv64.whl", hash = "sha256:50aa94fb1fb9a397eaa19c0d5ec15a5edd03a47bf1a3a6111a16b36e190cff65"},
    {file = "coverage-7.10.7-cp313-cp313t-musllinux_1_2_aarch64.whl", hash = "sha256:2120043f147bebb41c85b97ac45dd173595ff14f2a584f2963891cbcc3091541"},
    {file = "coverage-7.10.7-cp313-cp313t-musllinux_1_2_i686.whl", hash = "sha256:2fafd773231dd0378fdba66d339f84904a8e57a262f583530f4f156ab83863e6"},
    {file = "coverage-7.10.7-cp313-cp313t-musllinux_1_2_riscv64.whl", hash = "sha256:0b944ee8459f515f28b851728ad224fa2d068f1513ef6b7ff1efafeb2185f999"},
    {file = "coverage-7.10.7-cp313-cp313t-musllinux_1_2_x86_64.whl", hash = "sha256:4b583b97ab2e3efe1b3e75248a9b333bd3f8b0b1b8e5b45578e05e5850dfb2c2"},
    {file = "coverage-7.10.7-cp313-cp313t-win32.whl", hash = "sha256:2a78cd46550081a7909b3329e2266204d584866e8d97b898cd7fb5ac8d888b1a"},
    {file = "coverage-7.10.7-cp313-cp313t-win_amd64.whl", hash = "sha256:33a5e6396ab684cb43dc7befa386258acb2d7fae7f67330ebb85ba4ea27938eb"},
    {file = "coverage-7.10.7-cp313-cp313t-win_arm64.whl", hash = "sha256:86b0e7308289ddde73d863b7683f596d8d21c7d8664ce1dee061d0bcf3fbb4bb"},
    {file = "coverage-7.10.7-cp314-cp314-macosx_10_13_x86_64.whl", hash = "sha256:b06f260b16ead11643a5a9f955bd4b5fd76c1a4c6796aeade8520095b75de520"},
    {file = "coverage-7.10.7-cp314-cp314-macosx_11_0_arm64.whl", hash = "sha256:212f8f2e0612778f09c55dd4872cb1f64a1f2b074393d139278ce902064d5b32"},
    {file = "coverage-7.10.7-cp314-cp314-manylinux1_i686.manylinux_2_28_i686.manylinux_2_5_i686.whl", hash = "sha256:3445258bcded7d4aa630ab8296dea4d3f15a255588dd535f980c193ab6b95f3f"},
    {file = "coverage-7.10.7-cp314-cp314-manylinux1_x86_64.manylinux_2_28_x86_64.manylinux_2_5_x86_64.whl", hash = "sha256:bb45474711ba385c46a0bfe696c695a929ae69ac636cda8f532be9e8c93d720a"},
    {file = "coverage-7.10.7-cp314-cp314-manylinux2014_aarch64.manylinux_2_17_aarch64.manylinux_2_28_aarch64.whl", hash = "sha256:813922f35bd800dca9994c5971883cbc0d291128a5de6b167c7aa697fcf59360"},
    {file = "coverage-7.10.7-cp314-cp314-manylinux_2_31_riscv64.manylinux_2_39_riscv64.whl", hash = "sha256:93c1b03552081b2a4423091d6fb3787265b8f86af404cff98d1b5342713bdd69"},
    {file = "coverage-7.10.7-cp314-cp314-musllinux_1_2_aarch64.whl", hash = "sha256:cc87dd1b6eaf0b848eebb1c86469b9f72a1891cb42ac7adcfbce75eadb13dd14"},
    {file = "coverage-7.10.7-cp314-cp314-musllinux_1_2_i686.whl", hash = "sha256:39508ffda4f343c35f3236fe8d1a6634a51f4581226a1262769d7f970e73bffe"},
    {file = "coverage-7.10.7-cp314-cp314-musllinux_1_2_riscv64.whl", hash = "sha256:925a1edf3d810537c5a3abe78ec5530160c5f9a26b1f4270b40e62cc79304a1e"},
    {file = "coverage-7.10.7-cp314-cp314-musllinux_1_2_x86_64.whl", hash = "sha256:2c8b9a0636f94c43cd3576811e05b89aa9bc2d0a85137affc544ae5cb0e4bfbd"},
    {file = "coverage-7.10.7-cp314-cp314-win32.whl", hash = "sha256:b7b8288eb7cdd268b0304632da8cb0bb93fadcfec2fe5712f7b9cc8f4d487be2"},
    {file = "coverage-7.10.7-cp314-cp314-win_amd64.whl", hash = "sha256:1ca6db7c8807fb9e755d0379ccc39017ce0a84dcd26d14b5a03b78563776f681"},
    {file = "coverage-7.10.7-cp314-cp314-win_arm64.whl", hash = "sha256:097c1591f5af4496226d5783d036bf6fd6cd0cbc132e071b33861de756efb880"},
    {file = "coverage-7.10.7-cp314-cp314t-macosx_10_13_x86_64.whl", hash = "sha256:a62c6ef0d50e6de320c270ff91d9dd0a05e7250cac2a800b7784bae474506e63"},
    {file = "coverage-7.10.7-cp314-cp314t-macosx_11_0_arm64.whl", hash = "sha256:9fa6e4dd51fe15d8738708a973470f67a855ca50002294852e9571cdbd9433f2"},
    {file = "coverage-7.10.7-cp314-cp314t-manylinux1_i686.manylinux_2_28_i686.manylinux_2_5_i686.whl", hash = "sha256:8fb190658865565c549b6b4706856d6a7b09302c797eb2cf8e7fe9dabb043f0d"},
    {file = "coverage-7.10.7-cp314-cp314t-manylinux1_x86_64.manylinux_2_28_x86_64.manylinux_2_5_x86_64.whl", hash = "sha256:affef7c76a9ef259187ef31599a9260330e0335a3011732c4b9effa01e1cd6e0"},
    {file = "coverage-7.10.7-cp314-cp314t-manylinux2014_aarch64.manylinux_2_17_aarch64.manylinux_2_28_aarch64.whl", hash = "sha256:6e16e07d85ca0cf8bafe5f5d23a0b850064e8e945d5677492b06bbe6f09cc699"},
    {file = "coverage-7.10.7-cp314-cp314t-manylinux_2_31_riscv64.manylinux_2_39_riscv64.whl", hash = "sha256:03ffc58aacdf65d2a82bbeb1ffe4d01ead4017a21bfd0454983b88ca73af94b9"},
    {file = "coverage-7.10.7-cp314-cp314t-musllinux_1_2_aarch64.whl", hash = "sha256:1b4fd784344d4e52647fd7857b2af5b3fbe6c239b0b5fa63e94eb67320770e0f"},
    {file = "coverage-7.10.7-cp314-cp314t-musllinux_1_2_i686.whl", hash = "sha256:0ebbaddb2c19b71912c6f2518e791aa8b9f054985a0769bdb3a53ebbc765c6a1"},
    {file = "coverage-7.10.7-cp314-cp314t-musllinux_1_2_riscv64.whl", hash = "sha256:a2d9a3b260cc1d1dbdb1c582e63ddcf5363426a1a68faa0f5da28d8ee3c722a0"},
    {file = "coverage-7.10.7-cp314-cp314t-musllinux_1_2_x86_64.whl", hash = "sha256:a3cc8638b2480865eaa3926d192e64ce6c51e3d29c849e09d5b4ad95efae5399"},
    {file = "coverage-7.10.7-cp314-cp314t-win32.whl", hash = "sha256:67f8c5cbcd3deb7a60b3345dffc89a961a484ed0af1f6f73de91705cc6e31235"},
    {file = "coverage-7.10.7-cp314-cp314t-win_amd64.whl", hash = "sha256:e1ed71194ef6dea7ed2d5cb5f7243d4bcd334bfb63e59878519be558078f848d"},
    {file = "coverage-7.10.7-cp314-cp314t-win_arm64.whl", hash = "sha256:7fe650342addd8524ca63d77b2362b02345e5f1a093266787d210c70a50b471a"},
    {file = "coverage-7.10.7-cp39-cp39-macosx_10_9_x86_64.whl", hash = "sha256:fff7b9c3f19957020cac546c70025331113d2e61537f6e2441bc7657913de7d3"},
    {file = "coverage-7.10.7-cp39-cp39-macosx_11_0_arm64.whl", hash = "sha256:bc91b314cef27742da486d6839b677b3f2793dfe52b51bbbb7cf736d5c29281c"},
    {file = "coverage-7.10.7-cp39-cp39-manylinux1_i686.manylinux_2_28_i686.manylinux_2_5_i686.whl", hash = "sha256:567f5c155eda8df1d3d439d40a45a6a5f029b429b06648235f1e7e51b522b396"},
    {file = "coverage-7.10.7-cp39-cp39-manylinux1_x86_64.manylinux_2_28_x86_64.manylinux_2_5_x86_64.whl", hash = "sha256:2af88deffcc8a4d5974cf2d502251bc3b2db8461f0b66d80a449c33757aa9f40"},
    {file = "coverage-7.10.7-cp39-cp39-manylinux2014_aarch64.manylinux_2_17_aarch64.manylinux_2_28_aarch64.whl", hash = "sha256:c7315339eae3b24c2d2fa1ed7d7a38654cba34a13ef19fbcb9425da46d3dc594"},
    {file = "coverage-7.10.7-cp39-cp39-manylinux_2_31_riscv64.manylinux_2_39_riscv64.whl", hash = "sha256:912e6ebc7a6e4adfdbb1aec371ad04c68854cd3bf3608b3514e7ff9062931d8a"},
    {file = "coverage-7.10.7-cp39-cp39-musllinux_1_2_aarch64.whl", hash = "sha256:f49a05acd3dfe1ce9715b657e28d138578bc40126760efb962322c56e9ca344b"},
    {file = "coverage-7.10.7-cp39-cp39-musllinux_1_2_i686.whl", hash = "sha256:cce2109b6219f22ece99db7644b9622f54a4e915dad65660ec435e89a3ea7cc3"},
    {file = "coverage-7.10.7-cp39-cp39-musllinux_1_2_riscv64.whl", hash = "sha256:f3c887f96407cea3916294046fc7dab611c2552beadbed4ea901cbc6a40cc7a0"},
    {file = "coverage-7.10.7-cp39-cp39-musllinux_1_2_x86_64.whl", hash = "sha256:635adb9a4507c9fd2ed65f39693fa31c9a3ee3a8e6dc64df033e8fdf52a7003f"},
    {file = "coverage-7.10.7-cp39-cp39-win32.whl", hash = "sha256:5a02d5a850e2979b0a014c412573953995174743a3f7fa4ea5a6e9a3c5617431"},
    {file = "coverage-7.10.7-cp39-cp39-win_amd64.whl", hash = "sha256:c134869d5ffe34547d14e174c866fd8fe2254918cc0a95e99052903bc1543e07"},
    {file = "coverage-7.10.7-py3-none-any.whl", hash = "sha256:f7941f6f2fe6dd6807a1208737b8a0cbcf1cc6d7b07d24998ad2d63590868260"},
    {file = "coverage-7.10.7.tar.gz", hash = "sha256:f4ab143ab113be368a3e9b795f9cd7906c5ef407d6173fe9675a902e1fffc239"},
]

[package.extras]
toml = ["tomli ; python_full_version <= \"3.11.0a6\""]

[[package]]
name = "nodeenv"
version = "1.9.1"
description = "Node.js virtual environment builder"
optional = false
python-versions = "!=3.0.*,!=3.1.*,!=3.2.*,!=3.3.*,!=3.4.*,!=3.5.*,!=3.6.*,>=2.7"
groups = ["dev"]
files = [
    {file = "nodeenv-1.9.1-py2.py3-none-any.whl", hash = "sha256:ba11c9782d29c27c70ffbdda2d7415098754709be8a7056d79a737cd901155c9"},
    {file = "nodeenv-1.9.1.tar.gz", hash = "sha256:6ec12890a2dab7946721edbfbcd91f3319c6ccc9aec47be7c7e6b7011ee6645f"},
]

[[package]]
name = "nodejs-wheel-binaries"
version = "22.19.0"
description = "unoffical Node.js package"
optional = false
python-versions = ">=3.7"
groups = ["dev"]
files = [
    {file = "nodejs_wheel_binaries-22.19.0-py2.py3-none-macosx_11_0_arm64.whl", hash = "sha256:43eca1526455a1fb4cb777095198f7ebe5111a4444749c87f5c2b84645aaa72a"},
    {file = "nodejs_wheel_binaries-22.19.0-py2.py3-none-macosx_11_0_x86_64.whl", hash = "sha256:feb06709e1320790d34babdf71d841ec7f28e4c73217d733e7f5023060a86bfc"},
    {file = "nodejs_wheel_binaries-22.19.0-py2.py3-none-manylinux_2_17_aarch64.manylinux2014_aarch64.whl", hash = "sha256:db9f5777292491430457c99228d3a267decf12a09d31246f0692391e3513285e"},
    {file = "nodejs_wheel_binaries-22.19.0-py2.py3-none-manylinux_2_17_x86_64.manylinux2014_x86_64.whl", hash = "sha256:1392896f1a05a88a8a89b26e182d90fdf3020b4598a047807b91b65731e24c00"},
    {file = "nodejs_wheel_binaries-22.19.0-py2.py3-none-musllinux_1_2_aarch64.whl", hash = "sha256:9164c876644f949cad665e3ada00f75023e18f381e78a1d7b60ccbbfb4086e73"},
    {file = "nodejs_wheel_binaries-22.19.0-py2.py3-none-musllinux_1_2_x86_64.whl", hash = "sha256:6b4b75166134010bc9cfebd30dc57047796a27049fef3fc22316216d76bc0af7"},
    {file = "nodejs_wheel_binaries-22.19.0-py2.py3-none-win_amd64.whl", hash = "sha256:3f271f5abfc71b052a6b074225eca8c1223a0f7216863439b86feaca814f6e5a"},
    {file = "nodejs_wheel_binaries-22.19.0-py2.py3-none-win_arm64.whl", hash = "sha256:666a355fe0c9bde44a9221cd543599b029045643c8196b8eedb44f28dc192e06"},
    {file = "nodejs_wheel_binaries-22.19.0.tar.gz", hash = "sha256:e69b97ef443d36a72602f7ed356c6a36323873230f894799f4270a853932fdb3"},
]

[[package]]
name = "pyright"
version = "1.1.405"
description = "Command line wrapper for pyright"
optional = false
python-versions = ">=3.7"
groups = ["dev"]
files = [
    {file = "pyright-1.1.405-py3-none-any.whl", hash = "sha256:a2cb13700b5508ce8e5d4546034cb7ea4aedb60215c6c33f56cec7f53996035a"},
    {file = "pyright-1.1.405.tar.gz", hash = "sha256:5c2a30e1037af27eb463a1cc0b9f6d65fec48478ccf092c1ac28385a15c55763"},
]

[package.dependencies]
nodeenv = ">=1.6.0"
nodejs-wheel-binaries = {version = "*", optional = true, markers = "extra == \"nodejs\""}
typing-extensions = ">=4.1"

[package.extras]
all = ["nodejs-wheel-binaries", "twine (>=3.4.1)"]
dev = ["twine (>=3.4.1)"]
nodejs = ["nodejs-wheel-binaries"]

[[package]]
name = "ruff"
version = "0.12.12"
description = "An extremely fast Python linter and code formatter, written in Rust."
optional = false
python-versions = ">=3.7"
groups = ["dev"]
files = [
    {file = "ruff-0.12.12-py3-none-linux_armv6l.whl", hash = "sha256:de1c4b916d98ab289818e55ce481e2cacfaad7710b01d1f990c497edf217dafc"},
    {file = "ruff-0.12.12-py3-none-macosx_10_12_x86_64.whl", hash = "sha256:7acd6045e87fac75a0b0cdedacf9ab3e1ad9d929d149785903cff9bb69ad9727"},
    {file = "ruff-0.12.12-py3-none-macosx_11_0_arm64.whl", hash = "sha256:abf4073688d7d6da16611f2f126be86523a8ec4343d15d276c614bda8ec44edb"},
    {file = "ruff-0.12.12-py3-none-manylinux_2_17_aarch64.manylinux2014_aarch64.whl", hash = "sha256:968e77094b1d7a576992ac078557d1439df678a34c6fe02fd979f973af167577"},
    {file = "ruff-0.12.12-py3-none-manylinux_2_17_armv7l.manylinux2014_armv7l.whl", hash = "sha256:42a67d16e5b1ffc6d21c5f67851e0e769517fb57a8ebad1d0781b30888aa704e"},
    {file = "ruff-0.12.12-py3-none-manylinux_2_17_i686.manylinux2014_i686.whl", hash = "sha256:b216ec0a0674e4b1214dcc998a5088e54eaf39417327b19ffefba1c4a1e4971e"},
    {file = "ruff-0.12.12-py3-none-manylinux_2_17_ppc64.manylinux2014_ppc64.whl", hash = "sha256:59f909c0fdd8f1dcdbfed0b9569b8bf428cf144bec87d9de298dcd4723f5bee8"},
    {file = "ruff-0.12.12-py3-none-manylinux_2_17_ppc64le.manylinux2014_ppc64le.whl", hash = "sha256:9ac93d87047e765336f0c18eacad51dad0c1c33c9df7484c40f98e1d773876f5"},
    {file = "ruff-0.12.12-py3-none-manylinux_2_17_s390x.manylinux2014_s390x.whl", hash = "sha256:01543c137fd3650d322922e8b14cc133b8ea734617c4891c5a9fccf4bfc9aa92"},
    {file = "ruff-0.12.12-py3-none-manylinux_2_17_x86_64.manylinux2014_x86_64.whl", hash = "sha256:2afc2fa864197634e549d87fb1e7b6feb01df0a80fd510d6489e1ce8c0b1cc45"},
    {file = "ruff-0.12.12-py3-none-manylinux_2_31_riscv64.whl", hash = "sha256:0c0945246f5ad776cb8925e36af2438e66188d2b57d9cf2eed2c382c58b371e5"},
    {file = "ruff-0.12.12-py3-none-musllinux_1_2_aarch64.whl", hash = "sha256:a0fbafe8c58e37aae28b84a80ba1817f2ea552e9450156018a478bf1fa80f4e4"},
    {file = "ruff-0.12.12-py3-none-musllinux_1_2_armv7l.whl", hash = "sha256:b9c456fb2fc8e1282affa932c9e40f5ec31ec9cbb66751a316bd131273b57c23"},
    {file = "ruff-0.12.12-py3-none-musllinux_1_2_i686.whl", hash = "sha256:5f12856123b0ad0147d90b3961f5c90e7427f9acd4b40050705499c98983f489"},
    {file = "ruff-0.12.12-py3-none-musllinux_1_2_x86_64.whl", hash = "sha256:26a1b5a2bf7dd2c47e3b46d077cd9c0fc3b93e6c6cc9ed750bd312ae9dc302ee"},
    {file = "ruff-0.12.12-py3-none-win32.whl", hash = "sha256:173be2bfc142af07a01e3a759aba6f7791aa47acf3604f610b1c36db888df7b1"},
    {file = "ruff-0.12.12-py3-none-win_amd64.whl", hash = "sha256:e99620bf01884e5f38611934c09dd194eb665b0109104acae3ba6102b600fd0d"},
    {file = "ruff-0.12.12-py3-none-win_arm64.whl", hash = "sha256:2a8199cab4ce4d72d158319b63370abf60991495fb733db96cd923a34c52d093"},
    {file = "ruff-0.12.12.tar.gz", hash = "sha256:b86cd3415dbe31b3b46a71c598f4c4b2f550346d1ccf6326b347cc0c8fd063d6"},
]

[[package]]
name = "sqlglot"
version = "27.16.3"
description = "An easily customizable SQL parser and transpiler"
optional = false
python-versions = ">=3.9"
groups = ["main"]
files = [
    {file = "sqlglot-27.16.3-py3-none-any.whl", hash = "sha256:3765ef1da6c9a04dd9e9ab4bcf24ca54daae72d86d693954aed84dbbbff2ff3b"},
    {file = "sqlglot-27.16.3.tar.gz", hash = "sha256:bf5cc3b7c90c3682365353a318089e69e859939943d7882562ba39be650a6202"},
]

[package.dependencies]
sqlglotrs = {version = "0.6.2", optional = true, markers = "extra == \"rs\""}

[package.extras]
dev = ["duckdb (>=0.6)", "maturin (>=1.4,<2.0)", "mypy", "pandas", "pandas-stubs", "pdoc", "pre-commit", "pyperf", "python-dateutil", "pytz", "ruff (==0.7.2)", "types-python-dateutil", "types-pytz", "typing_extensions"]
rs = ["sqlglotrs (==0.6.2)"]

[[package]]
name = "sqlglotrs"
version = "0.6.2"
description = "An easily customizable SQL parser and transpiler"
optional = false
python-versions = ">=3.9"
groups = ["main"]
files = [
    {file = "sqlglotrs-0.6.2-cp310-cp310-macosx_10_12_x86_64.whl", hash = "sha256:a889f6cc204651efd3aa13fd639a5827e0559931f295ae6685793f53a4d5b603"},
    {file = "sqlglotrs-0.6.2-cp310-cp310-macosx_11_0_arm64.whl", hash = "sha256:017f70f80983b338eae5e5a808bed6cb8049a15fd3f4e4b4e840ce40d1dacc42"},
    {file = "sqlglotrs-0.6.2-cp310-cp310-manylinux_2_17_aarch64.manylinux2014_aarch64.whl", hash = "sha256:23c6eb2c85e88939152659ac05dc14873be9ff3c8bb7564e97c1b5aff5982902"},
    {file = "sqlglotrs-0.6.2-cp310-cp310-manylinux_2_17_armv7l.manylinux2014_armv7l.whl", hash = "sha256:a6c8ebde67e846913bce8dc6be95502acd8715ef43824beaacf6767ccb91e657"},
    {file = "sqlglotrs-0.6.2-cp310-cp310-manylinux_2_17_ppc64le.manylinux2014_ppc64le.whl", hash = "sha256:487592d29f3a5c70cc0f8ef8368798a3af11aafeb97f7a2c4020609c146f95be"},
    {file = "sqlglotrs-0.6.2-cp310-cp310-manylinux_2_17_s390x.manylinux2014_s390x.whl", hash = "sha256:58a4c09dee48537ad9f33c3c0a4a6a79bdd562a6aa429439a58b7286a40233e2"},
    {file = "sqlglotrs-0.6.2-cp310-cp310-manylinux_2_17_x86_64.manylinux2014_x86_64.whl", hash = "sha256:2e47df34d14423e97c75ccc79e8ceea33465f16fe0ceb3e45c51305173894c25"},
    {file = "sqlglotrs-0.6.2-cp310-cp310-manylinux_2_5_i686.manylinux1_i686.whl", hash = "sha256:b79e76a1854f21c6566c8f8a96029ec2f57cdc2715b377aefcfa3c56c66ee004"},
    {file = "sqlglotrs-0.6.2-cp310-cp310-win32.whl", hash = "sha256:16cd8b988de6329c60299f3d80181bc106952caf3c09555f91b2c1f8a017211e"},
    {file = "sqlglotrs-0.6.2-cp310-cp310-win_amd64.whl", hash = "sha256:764ed3c403d595531a9ca7768cf64287a29a245b0e3038b71d88a359223a74b2"},
    {file = "sqlglotrs-0.6.2-cp311-cp311-macosx_10_12_x86_64.whl", hash = "sha256:7ca2fb09c3399ca1834a7180c9c6e3b5eb411d14cab5ac32d3c44b7ae5a1864b"},
    {file = "sqlglotrs-0.6.2-cp311-cp311-macosx_11_0_arm64.whl", hash = "sha256:9a03124b03e0cb7df6a61461114b4ba9d70f70f710f056bf004324e8533b98eb"},
    {file = "sqlglotrs-0.6.2-cp311-cp311-manylinux_2_17_aarch64.manylinux2014_aarch64.whl", hash = "sha256:8f3c84f2324ca7caf012143122780ed604cf9357cec3a633b6cdd67d250e049f"},
    {file = "sqlglotrs-0.6.2-cp311-cp311-manylinux_2_17_armv7l.manylinux2014_armv7l.whl", hash = "sha256:dfad829eefb7ca348af471af97e531dcc780549daac517e30e95ff2f9675bc3c"},
    {file = "sqlglotrs-0.6.2-cp311-cp311-manylinux_2_17_ppc64le.manylinux2014_ppc64le.whl", hash = "sha256:418f1de961e09fb6da5359746920faa0b0e71f0c912786a566f001e6419cff4c"},
    {file = "sqlglotrs-0.6.2-cp311-cp311-manylinux_2_17_s390x.manylinux2014_s390x.whl", hash = "sha256:6f100affd9f5c8450077621e53dfac67e54a95d654e2f36f304043c25ba73120"},
    {file = "sqlglotrs-0.6.2-cp311-cp311-manylinux_2_17_x86_64.manylinux2014_x86_64.whl", hash = "sha256:15275016fefc9e8af9f632b4f65681665f044015a203d8239573eaee646efe50"},
    {file = "sqlglotrs-0.6.2-cp311-cp311-manylinux_2_5_i686.manylinux1_i686.whl", hash = "sha256:112415e5154828d7b5961eafb2df5091bd30a9a5185fe6bdc2170dd5a0a87eba"},
    {file = "sqlglotrs-0.6.2-cp311-cp311-win32.whl", hash = "sha256:cad0b8ad679fb6026733f6ab70cfdadded25d5843d10b49d07b71a286d266308"},
    {file = "sqlglotrs-0.6.2-cp311-cp311-win_amd64.whl", hash = "sha256:b11fadf56ebcaa2c346b40fe24e7428046c794edf361bda176e0dbb0aef39743"},
    {file = "sqlglotrs-0.6.2-cp312-cp312-macosx_10_12_x86_64.whl", hash = "sha256:a12fa4230b170b8f94c3ba459d5983f64acc92e690f7d406e4d690577efdc126"},
    {file = "sqlglotrs-0.6.2-cp312-cp312-macosx_11_0_arm64.whl", hash = "sha256:cb93868dd14762a8c1e89c549db9a56d327026e69c7a6aaffaf86a6d3c872b68"},
    {file = "sqlglotrs-0.6.2-cp312-cp312-manylinux_2_17_aarch64.manylinux2014_aarch64.whl", hash = "sha256:b9667fdd0b5e35e2e2c4f40227f800c615c7796c9259807e2e87ab55d2c505e6"},
    {file = "sqlglotrs-0.6.2-cp312-cp312-manylinux_2_17_armv7l.manylinux2014_armv7l.whl", hash = "sha256:c6ffd2819f98c6a939555749bf155214f1f14cf1e9e5164bbfab3d5960a939f3"},
    {file = "sqlglotrs-0.6.2-cp312-cp312-manylinux_2_17_ppc64le.manylinux2014_ppc64le.whl", hash = "sha256:1f69c4d0d1286a1ac8a66c825decbbcaddb03599bf1452697f2ffc338d5e5d48"},
    {file = "sqlglotrs-0.6.2-cp312-cp312-manylinux_2_17_s390x.manylinux2014_s390x.whl", hash = "sha256:35c62a60610aa5ce5b931dd0ca5ffcc010766a29b62f6e30f2700f105aa458c4"},
    {file = "sqlglotrs-0.6.2-cp312-cp312-manylinux_2_17_x86_64.manylinux2014_x86_64.whl", hash = "sha256:5c5da9552ac32560e93e5cced87ee64afae405f8e79bb42840fdf7d573396a4d"},
    {file = "sqlglotrs-0.6.2-cp312-cp312-manylinux_2_5_i686.manylinux1_i686.whl", hash = "sha256:70d26179e0dab0f810ec47950592bac7b83e3681d3c151fc1c2feec064af7460"},
    {file = "sqlglotrs-0.6.2-cp312-cp312-win32.whl", hash = "sha256:33470906c51636c2c08303bf68fb5430690eec2271fe33b41c2a2ff6a36ee321"},
    {file = "sqlglotrs-0.6.2-cp312-cp312-win_amd64.whl", hash = "sha256:4fb23a9a9dfb621fc99d29dbeb366b45e875ee51a2e6e16778c5f76febff37d0"},
    {file = "sqlglotrs-0.6.2-cp313-cp313-macosx_10_12_x86_64.whl", hash = "sha256:5b15920dbd6ccdf7045dd3fcbf98a0e40e62b7642c2f694d8dea9e74c94f01df"},
    {file = "sqlglotrs-0.6.2-cp313-cp313-macosx_11_0_arm64.whl", hash = "sha256:566ac0eb312440339469924924b973e85d98899bd05ccca6da9f4a95eb842603"},
    {file = "sqlglotrs-0.6.2-cp313-cp313-manylinux_2_17_aarch64.manylinux2014_aarch64.whl", hash = "sha256:2f99df4940a11d190105089faf9ae7fc0844090017d0a0734f78df709ed939fe"},
    {file = "sqlglotrs-0.6.2-cp313-cp313-manylinux_2_17_armv7l.manylinux2014_armv7l.whl", hash = "sha256:e1e39821bb3e4630d408963d42503ad1efd959d55dca9a16f1a864867367cd2e"},
    {file = "sqlglotrs-0.6.2-cp313-cp313-manylinux_2_17_ppc64le.manylinux2014_ppc64le.whl", hash = "sha256:49841d4f97e1a35ddde4bb0160f92ed53d167d1dfedf7ad4d398acf6cfcbf85a"},
    {file = "sqlglotrs-0.6.2-cp313-cp313-manylinux_2_17_s390x.manylinux2014_s390x.whl", hash = "sha256:5bdaaac3e98afddb2020f880af56c47ead2afc8c6dd6eebbf84f503255a88d75"},
    {file = "sqlglotrs-0.6.2-cp313-cp313-manylinux_2_17_x86_64.manylinux2014_x86_64.whl", hash = "sha256:a9f2006d70521c1641cfe9d85ef34f95714d70dbce18115ce58ec144e4e6069b"},
    {file = "sqlglotrs-0.6.2-cp313-cp313-manylinux_2_5_i686.manylinux1_i686.whl", hash = "sha256:014887e055ec0fdf0186446885be09cd0c6a48fbf604b58abaa9abd8e8f11f5a"},
    {file = "sqlglotrs-0.6.2-cp313-cp313-win32.whl", hash = "sha256:12438b306bcc56e160f5562c1f96abbba0b1c923d7425fbda1bcbfa40116f3e4"},
    {file = "sqlglotrs-0.6.2-cp313-cp313-win_amd64.whl", hash = "sha256:40c7cf78ae2a9a5dcf8f18ed7e17947817f0c0e0b82c8cd9339613c746b90280"},
    {file = "sqlglotrs-0.6.2-cp39-cp39-macosx_10_12_x86_64.whl", hash = "sha256:6e2a02b4e00320798450b433f7443b00070c852c85b628d1b8af3f6be2b7ea0f"},
    {file = "sqlglotrs-0.6.2-cp39-cp39-macosx_11_0_arm64.whl", hash = "sha256:add0f8ce1dbcc78bbebc5b28bb1fbb79f8c15d97912b8df2ea4d61690661ddc2"},
    {file = "sqlglotrs-0.6.2-cp39-cp39-manylinux_2_17_aarch64.manylinux2014_aarch64.whl", hash = "sha256:630e35fbfda11e050b8317410d1098165255aadde334063b769cfa5ce17fa6e7"},
    {file = "sqlglotrs-0.6.2-cp39-cp39-manylinux_2_17_armv7l.manylinux2014_armv7l.whl", hash = "sha256:f9a02e99141944e95de3bd5ded879e567e0160cb8f8f2b454de3a63505358599"},
    {file = "sqlglotrs-0.6.2-cp39-cp39-manylinux_2_17_ppc64le.manylinux2014_ppc64le.whl", hash = "sha256:a7b230f7ee600015eb761ef8d61e9c705800187d311c8795899eaef20ef66748"},
    {file = "sqlglotrs-0.6.2-cp39-cp39-manylinux_2_17_s390x.manylinux2014_s390x.whl", hash = "sha256:e1fc3569b1832c02a82d56518d972114715f024315d7dffc4721d6b0f3078bdd"},
    {file = "sqlglotrs-0.6.2-cp39-cp39-manylinux_2_17_x86_64.manylinux2014_x86_64.whl", hash = "sha256:462ab50b7a9217689f1f403df002f350a5887e64feed72acd3807a475406767b"},
    {file = "sqlglotrs-0.6.2-cp39-cp39-manylinux_2_5_i686.manylinux1_i686.whl", hash = "sha256:d5d695739e4adeb703cbd411c4798806d373da6774e939c81c4ba9a9d9e66196"},
    {file = "sqlglotrs-0.6.2-cp39-cp39-win32.whl", hash = "sha256:8cb3b3d9ee20ba91bf0c7b34f9974b45172275b9278e458128704f3661ba85ac"},
    {file = "sqlglotrs-0.6.2-cp39-cp39-win_amd64.whl", hash = "sha256:d9fc7db0404bcf5953e0492c942e8db2630f7503d658745ff3198ea4a265c173"},
    {file = "sqlglotrs-0.6.2.tar.gz", hash = "sha256:7ed668215bdcea6f69dc9a29c9ea26ed39216ab330f357289a5ec95138c40482"},
]

[[package]]
name = "typing-extensions"
version = "4.15.0"
description = "Backported and Experimental Type Hints for Python 3.9+"
optional = false
python-versions = ">=3.9"
groups = ["dev"]
files = [
    {file = "typing_extensions-4.15.0-py3-none-any.whl", hash = "sha256:f0fa19c6845758ab08074a0cfa8b7aecb71c999ca73d62883bc25cc018c4e548"},
    {file = "typing_extensions-4.15.0.tar.gz", hash = "sha256:0cea48d173cc12fa28ecabc3b837ea3cf6f38c6d1136f85cbaaf598984861466"},
]

[metadata]
lock-version = "2.1"
python-versions = ">=3.10.16"
content-hash = "fa859a6b19678d72d02a668f592164b7a5a50c7529095cf17e9521a6af7e0275"
